# generated by rye
# use `rye lock` or `rye sync` to update this lockfile
#
# last locked with the following flags:
#   pre: false
#   features: []
#   all-features: false
#   with-sources: false

-e file:.
absl-py==2.1.0
    # via tensorboard
accelerate==0.28.0
    # via k-diffusion
aiofiles==23.2.1
    # via gradio
aiohttp==3.8.6
    # via tts
aiosignal==1.3.1
    # via aiohttp
altair==5.2.0
    # via gradio
annotated-types==0.6.0
    # via pydantic
anyascii==0.3.2
    # via tts
anyio==4.3.0
    # via httpx
    # via starlette
appdirs==1.4.4
    # via wandb
async-timeout==4.0.3
    # via aiohttp
attrs==23.2.0
    # via aiohttp
    # via jsonschema
    # via referencing
audioread==3.0.1
    # via librosa
babel==2.14.0
    # via gruut
bangla==0.0.2
    # via tts
blinker==1.7.0
    # via flask
bnnumerizer==0.0.2
    # via tts
bnunicodenormalizer==0.1.6
    # via tts
certifi==2024.2.2
    # via httpcore
    # via httpx
    # via requests
    # via sentry-sdk
cffi==1.16.0
    # via soundfile
charset-normalizer==3.3.2
    # via aiohttp
    # via requests
clean-fid==0.1.35
    # via k-diffusion
click==8.1.7
    # via flask
    # via nltk
    # via typer
    # via uvicorn
    # via wandb
clip-anytorch==2.6.0
    # via k-diffusion
colorama==0.4.6
    # via typer
contourpy==1.2.0
    # via matplotlib
coqpit==0.0.17
    # via trainer
    # via tts
cycler==0.12.1
    # via matplotlib
cython==0.29.30
    # via tts
dateparser==1.1.8
    # via gruut
dctorch==0.1.2
    # via k-diffusion
decorator==5.1.1
    # via librosa
docker-pycreds==0.4.0
    # via wandb
docopt==0.6.2
    # via num2words
einops==0.6.1
    # via encodec
    # via k-diffusion
    # via tts
encodec==0.1.1
    # via tts
fastapi==0.110.0
    # via gradio
ffmpy==0.3.2
    # via gradio
filelock==3.13.1
    # via huggingface-hub
    # via torch
    # via transformers
flask==2.3.3
    # via tts
fonttools==4.49.0
    # via matplotlib
frozenlist==1.4.1
    # via aiohttp
    # via aiosignal
fsspec==2023.6.0
    # via gradio-client
    # via huggingface-hub
    # via torch
    # via trainer
    # via tts
ftfy==6.1.3
    # via clip-anytorch
g2pkk==0.1.2
    # via tts
gitdb==4.0.11
    # via gitpython
gitpython==3.1.42
    # via wandb
gradio==4.21.0
gradio-client==0.12.0
    # via gradio
grpcio==1.62.1
    # via tensorboard
gruut==2.2.3
    # via tts
gruut-ipa==0.13.0
    # via gruut
gruut-lang-de==2.0.0
    # via gruut
gruut-lang-en==2.0.0
    # via gruut
gruut-lang-es==2.0.0
    # via gruut
gruut-lang-fr==2.0.2
    # via gruut
h11==0.14.0
    # via httpcore
    # via uvicorn
hangul-romanize==0.1.0
    # via tts
httpcore==1.0.4
    # via httpx
httpx==0.27.0
    # via gradio
    # via gradio-client
huggingface-hub==0.21.4
    # via accelerate
    # via gradio
    # via gradio-client
    # via transformers
idna==3.6
    # via anyio
    # via httpx
    # via requests
    # via yarl
imageio==2.34.0
    # via scikit-image
importlib-resources==6.3.0
    # via gradio
inflect==5.6.2
    # via tts
iniconfig==2.0.0
    # via pytest
itsdangerous==2.1.2
    # via flask
jamo==0.4.1
    # via g2pkk
    # via tts
jieba==0.42.1
    # via tts
jinja2==3.1.3
    # via altair
    # via flask
    # via gradio
    # via torch
joblib==1.3.2
    # via librosa
    # via nltk
    # via pynndescent
    # via scikit-learn
jsonlines==1.2.0
    # via gruut
jsonmerge==1.9.2
    # via k-diffusion
jsonschema==4.21.1
    # via altair
    # via jsonmerge
jsonschema-specifications==2023.12.1
    # via jsonschema
k-diffusion==0.1.1.post1
    # via tts
kiwisolver==1.4.5
    # via matplotlib
kornia==0.7.1
    # via k-diffusion
lazy-loader==0.3
    # via librosa
    # via scikit-image
librosa==0.10.1
    # via tts
llvmlite==0.42.0
    # via numba
    # via pynndescent
markdown==3.5.2
    # via tensorboard
markdown-it-py==3.0.0
    # via rich
markupsafe==2.1.5
    # via gradio
    # via jinja2
    # via werkzeug
matplotlib==3.7.5
    # via gradio
    # via tts
mdurl==0.1.2
    # via markdown-it-py
mpmath==1.3.0
    # via sympy
msgpack==1.0.8
    # via librosa
multidict==6.0.5
    # via aiohttp
    # via yarl
networkx==2.8.8
    # via gruut
    # via scikit-image
    # via torch
nltk==3.8.1
    # via g2pkk
    # via tts
num2words==0.5.13
    # via gruut
    # via tts
numba==0.59.0
    # via librosa
    # via pynndescent
    # via tts
    # via umap-learn
numpy==1.26.4
    # via accelerate
    # via altair
    # via clean-fid
    # via contourpy
    # via dctorch
    # via encodec
    # via gradio
    # via gruut
    # via imageio
    # via librosa
    # via matplotlib
    # via numba
    # via pandas
    # via scikit-image
    # via scikit-learn
    # via scipy
    # via soxr
    # via tensorboard
    # via tifffile
    # via torchsde
    # via torchvision
    # via transformers
    # via tts
    # via umap-learn
orjson==3.9.15
    # via gradio
packaging==23.1
    # via accelerate
    # via altair
    # via gradio
    # via gradio-client
    # via huggingface-hub
    # via kornia
    # via matplotlib
    # via pooch
    # via pytest
    # via scikit-image
    # via transformers
    # via tts
pandas==1.5.3
    # via altair
    # via gradio
    # via tts
pillow==10.2.0
    # via clean-fid
    # via gradio
    # via imageio
    # via k-diffusion
    # via matplotlib
    # via scikit-image
    # via torchvision
platformdirs==4.2.0
    # via pooch
pluggy==1.4.0
    # via pytest
pooch==1.8.1
    # via librosa
protobuf==4.25.3
    # via tensorboard
    # via wandb
psutil==5.9.8
    # via accelerate
    # via trainer
    # via wandb
pycparser==2.21
    # via cffi
pydantic==2.6.4
    # via fastapi
    # via gradio
pydantic-core==2.16.3
    # via pydantic
pydub==0.25.1
    # via gradio
pygments==2.17.2
    # via rich
pynndescent==0.5.11
    # via umap-learn
pyparsing==3.1.2
    # via matplotlib
pypinyin==0.51.0
    # via tts
pysbd==0.3.4
    # via tts
pytest==8.1.1
python-crfsuite==0.9.10
    # via gruut
python-dateutil==2.9.0.post0
    # via dateparser
    # via matplotlib
    # via pandas
python-multipart==0.0.9
    # via gradio
pytz==2024.1
    # via dateparser
    # via pandas
pyyaml==6.0.1
    # via accelerate
    # via gradio
    # via huggingface-hub
    # via transformers
    # via tts
    # via wandb
referencing==0.33.0
    # via jsonschema
    # via jsonschema-specifications
regex==2023.12.25
    # via clip-anytorch
    # via dateparser
    # via nltk
    # via transformers
requests==2.31.0
    # via clean-fid
    # via huggingface-hub
    # via pooch
    # via transformers
    # via wandb
rich==13.7.1
    # via typer
rpds-py==0.18.0
    # via jsonschema
    # via referencing
ruff==0.3.2
    # via gradio
safetensors==0.4.2
    # via accelerate
    # via k-diffusion
    # via transformers
scikit-image==0.22.0
    # via k-diffusion
scikit-learn==1.3.0
    # via librosa
    # via pynndescent
    # via tts
    # via umap-learn
scipy==1.12.0
    # via clean-fid
    # via dctorch
    # via k-diffusion
    # via librosa
    # via pynndescent
    # via scikit-image
    # via scikit-learn
    # via torchdiffeq
    # via torchsde
    # via tts
    # via umap-learn
semantic-version==2.10.0
    # via gradio
sentry-sdk==1.42.0
    # via wandb
setproctitle==1.3.3
    # via wandb
setuptools==69.2.0
    # via tensorboard
    # via wandb
shellingham==1.5.4
    # via typer
six==1.16.0
    # via docker-pycreds
    # via jsonlines
    # via python-dateutil
    # via tensorboard
smmap==5.0.1
    # via gitdb
sniffio==1.3.1
    # via anyio
    # via httpx
soundfile==0.12.1
    # via librosa
    # via trainer
    # via tts
soxr==0.3.7
    # via librosa
starlette==0.36.3
    # via fastapi
sympy==1.12
    # via torch
tensorboard==2.16.2
    # via trainer
tensorboard-data-server==0.7.2
    # via tensorboard
threadpoolctl==3.3.0
    # via scikit-learn
tifffile==2024.2.12
    # via scikit-image
tokenizers==0.13.3
    # via transformers
tomlkit==0.12.0
    # via gradio
toolz==0.12.1
    # via altair
torch==2.2.1
    # via accelerate
    # via clean-fid
    # via clip-anytorch
    # via dctorch
    # via encodec
    # via k-diffusion
    # via kornia
    # via torchaudio
    # via torchdiffeq
    # via torchsde
    # via torchvision
    # via trainer
    # via tts
    # via voice-puppet
torchaudio==2.2.1
    # via encodec
    # via tts
torchdiffeq==0.2.3
    # via k-diffusion
torchsde==0.2.6
    # via k-diffusion
torchvision==0.17.1
    # via clean-fid
    # via clip-anytorch
    # via k-diffusion
tqdm==4.64.1
    # via clean-fid
    # via clip-anytorch
    # via huggingface-hub
    # via k-diffusion
    # via nltk
    # via transformers
    # via tts
    # via umap-learn
trainer==0.0.36
    # via tts
trampoline==0.1.2
    # via torchsde
transformers==4.33.3
    # via tts
tts @ git+https://github.com/cocktailpeanut/TTS@fede9eb892a8e9d9209b2544f5f4807cefd425d3
    # via voice-puppet
typer==0.9.0
    # via gradio
typing-extensions==4.10.0
    # via fastapi
    # via gradio
    # via gradio-client
    # via huggingface-hub
    # via librosa
    # via pydantic
    # via pydantic-core
    # via torch
    # via typer
tzlocal==5.2
    # via dateparser
umap-learn==0.5.5
    # via tts
unidecode==1.3.8
    # via tts
urllib3==2.2.1
    # via requests
    # via sentry-sdk
uvicorn==0.28.0
    # via gradio
wandb==0.16.4
    # via k-diffusion
wcwidth==0.2.13
    # via ftfy
websockets==11.0.3
    # via gradio-client
werkzeug==3.0.1
    # via flask
    # via tensorboard
yarl==1.9.4
    # via aiohttp
